{
  "version": 4,
  "terraform_version": "0.12.12",
  "serial": 52,
  "lineage": "78b8d707-c259-9f45-0a52-52767da814f5",
  "outputs": {
    "config-map": {
      "value": "\napiVersion: v1\nkind: ConfigMap\nmetadata:\n  name: aws-auth\n  namespace: kube-system\ndata:\n  mapRoles: |\n    - rolearn: arn:aws:iam::923247590277:role/chase-eks-test2-eks-node-role\n      username: system:node:{{EC2PrivateDNSName}}\n      groups:\n        - system:bootstrappers\n        - system:nodes\n",
      "type": "string"
    },
    "kubeconfig": {
      "value": "\napiVersion: v1\nclusters:\n- cluster:\n    server: https://1BB2F9E548BF44D9266FC3C7FA382AF0.yl4.ap-southeast-1.eks.amazonaws.com\n    certificate-authority-data: LS0tLS1CRUdJTiBDRVJUSUZJQ0FURS0tLS0tCk1JSUN5RENDQWJDZ0F3SUJBZ0lCQURBTkJna3Foa2lHOXcwQkFRc0ZBREFWTVJNd0VRWURWUVFERXdwcmRXSmwKY201bGRHVnpNQjRYRFRFNU1USXhNREEyTXpBME0xb1hEVEk1TVRJd056QTJNekEwTTFvd0ZURVRNQkVHQTFVRQpBeE1LYTNWaVpYSnVaWFJsY3pDQ0FTSXdEUVlKS29aSWh2Y05BUUVCQlFBRGdnRVBBRENDQVFvQ2dnRUJBT0g5Cnp0WHRsV1VySlBlc2lLUlZjYlZKR09naUk1WlNDT2J1ZTR5THhHQVphMWZVaWVJcEx3dWtCV1ZOS21xTWxRUUsKZ1pPWisrbHpRblZadzhNR09zMEc5eW5zQXRJQlAxZm8rT1dkZitJaTVMRDl0d213dnlRb0ZJRjlaUXdielE5cQo1ek53OENQRkZGWVhyR1RhSGliSDhyU0hMSE1QQUJBOXNDenlwQzNsTlB6TW5mUUxrUXlFSUhiaWQwZ1VOM1Y5ClpkcGF1blN0dGE3WlpuVTYydS9MYXQxQ0pGOXZlODJtT2oyZWxSSDdXZjJOb1k1bDdIL2t3ZlBEZVAwQlM1RXMKVVZpMnRhWkQ3N25lZC9BTml0bXIzSXBucUd3ZDRpbExiM1FMV2YxU2Rvdy9DTGdoZ21GRGo3dmJyUjUyU1VqRgpyQnJ1aHprT0RYNGdCRUh0bEJrQ0F3RUFBYU1qTUNFd0RnWURWUjBQQVFIL0JBUURBZ0trTUE4R0ExVWRFd0VCCi93UUZNQU1CQWY4d0RRWUpLb1pJaHZjTkFRRUxCUUFEZ2dFQkFFZjNTdStsNHhEUHE3bUEwMS8zOWJ6RzhFb2UKRVBGVjl4M2RPZ3RzUFhJaDJnR0wvN1BiVVUxbmFNbmMzOFZqSFRZdW5QM1BZdTd1TWZ0eWhDYnZuNDdGYnlUVQorTmtWVnhVNXI0RWVmNHVXNFlMS25NMkFRdUswUWVFbGd6aHJNSG1GWnkxUXMvMzhRS1pEMURqcHpsUWR6MjdCClhISU9FUmZFakdMMER2WGNPUXg2R1hwWEpkVEdTWFlxUnpUVjh5dTdkTFRMUWxlcnJvSHBJeHVNQUNEaS9LM3EKdEo3cXFVTTVPT2lWZWI1Wlo2L09NTEVmeFJMdXVaSmNqeUcyVTdDbWlKdDMrdUNkN1p6WGlpdTh4aVdZelhreQpaa0Y4Uk9QdWdoYWpZcXVLS0Mvd3VTVUF2bDRyL016ZkhncXFhc1hOQlRQdTdsNjVQOUZsa04vMUZNST0KLS0tLS1FTkQgQ0VSVElGSUNBVEUtLS0tLQo=\n  name: kubernetes\ncontexts:\n- context:\n    cluster: kubernetes\n    user: aws\n  name: aws\ncurrent-context: aws\nkind: Config\npreferences: {}\nusers:\n- name: aws\n  user:\n    exec:\n      apiVersion: client.authentication.k8s.io/v1alpha1\n      command: aws-iam-authenticator\n      args:\n        - \"token\"\n        - \"-i\"\n        - \"chase-eks-test2\"\n",
      "type": "string"
    }
  },
  "resources": [
    {
      "module": "module.eks",
      "mode": "data",
      "type": "aws_ami",
      "name": "eks-worker-ami",
      "provider": "module.eks.provider.aws",
      "instances": [
        {
          "schema_version": 0,
          "attributes": {
            "architecture": "x86_64",
            "block_device_mappings": [
              {
                "device_name": "/dev/xvda",
                "ebs": {
                  "delete_on_termination": "true",
                  "encrypted": "false",
                  "iops": "0",
                  "snapshot_id": "snap-0d8b55f40e6b9f5fd",
                  "volume_size": "20",
                  "volume_type": "gp2"
                },
                "no_device": "",
                "virtual_name": ""
              }
            ],
            "creation_date": "2019-11-19T07:02:12.000Z",
            "description": "EKS Kubernetes Worker AMI with AmazonLinux2 image, (k8s: 1.14.7, docker:18.09.9ce-2.amzn2)",
            "executable_users": null,
            "filter": [
              {
                "name": "name",
                "values": [
                  "amazon-eks-node-1.14-*"
                ]
              }
            ],
            "hypervisor": "xen",
            "id": "ami-0d275f57a60281ccc",
            "image_id": "ami-0d275f57a60281ccc",
            "image_location": "amazon/amazon-eks-node-1.14-v20191119",
            "image_owner_alias": "amazon",
            "image_type": "machine",
            "kernel_id": null,
            "most_recent": true,
            "name": "amazon-eks-node-1.14-v20191119",
            "name_regex": null,
            "owner_id": "602401143452",
            "owners": [
              "602401143452"
            ],
            "platform": null,
            "product_codes": [],
            "public": true,
            "ramdisk_id": null,
            "root_device_name": "/dev/xvda",
            "root_device_type": "ebs",
            "root_snapshot_id": "snap-0d8b55f40e6b9f5fd",
            "sriov_net_support": "simple",
            "state": "available",
            "state_reason": {
              "code": "UNSET",
              "message": "UNSET"
            },
            "tags": {},
            "virtualization_type": "hvm"
          }
        }
      ]
    },
    {
      "mode": "data",
      "type": "aws_availability_zones",
      "name": "available",
      "provider": "provider.aws",
      "instances": [
        {
          "schema_version": 0,
          "attributes": {
            "blacklisted_names": null,
            "blacklisted_zone_ids": null,
            "id": "2019-12-10 06:23:13.318107 +0000 UTC",
            "names": [
              "ap-southeast-1a",
              "ap-southeast-1b",
              "ap-southeast-1c"
            ],
            "state": null,
            "zone_ids": [
              "apse1-az2",
              "apse1-az1",
              "apse1-az3"
            ]
          }
        }
      ]
    },
    {
      "module": "module.eks",
      "mode": "data",
      "type": "aws_security_group",
      "name": "cluster",
      "provider": "module.eks.provider.aws",
      "instances": [
        {
          "schema_version": 0,
          "attributes": {
            "arn": "arn:aws:ec2:ap-southeast-1:923247590277:security-group/sg-0326a3b4f8a2f6046",
            "description": "EKS node security groups",
            "filter": null,
            "id": "sg-0326a3b4f8a2f6046",
            "name": "cluster-sg-20191210062342087200000008",
            "tags": {
              "Name": "cluster-sg"
            },
            "vpc_id": "vpc-05f757a5a64828752"
          },
          "depends_on": [
            "data.aws_vpc.eks",
            "module.cluster-sg"
          ]
        }
      ]
    },
    {
      "module": "module.eks",
      "mode": "data",
      "type": "aws_security_group",
      "name": "node",
      "provider": "module.eks.provider.aws",
      "instances": [
        {
          "schema_version": 0,
          "attributes": {
            "arn": "arn:aws:ec2:ap-southeast-1:923247590277:security-group/sg-06d15556daeba9e15",
            "description": "EKS node security groups",
            "filter": null,
            "id": "sg-06d15556daeba9e15",
            "name": "node-sg-20191210062342087100000006",
            "tags": {
              "Name": "node-sg",
              "kubernetes.io/cluster/chase-eks-test2": "owned"
            },
            "vpc_id": "vpc-05f757a5a64828752"
          },
          "depends_on": [
            "data.aws_vpc.eks",
            "module.node-sg"
          ]
        }
      ]
    },
    {
      "module": "module.eks",
      "mode": "data",
      "type": "aws_subnet_ids",
      "name": "private",
      "provider": "module.eks.provider.aws",
      "instances": [
        {
          "schema_version": 0,
          "attributes": {
            "filter": null,
            "id": "vpc-05f757a5a64828752",
            "ids": [
              "subnet-026c2f6a345e9b83c",
              "subnet-03fceca2e495f91d3",
              "subnet-041a078c13c6640f1"
            ],
            "tags": {
              "Name": "chase-eks-test2-eks-private"
            },
            "vpc_id": "vpc-05f757a5a64828752"
          },
          "depends_on": [
            "data.aws_vpc.eks"
          ]
        }
      ]
    },
    {
      "module": "module.eks",
      "mode": "data",
      "type": "aws_vpc",
      "name": "eks",
      "provider": "module.eks.provider.aws",
      "instances": [
        {
          "schema_version": 0,
          "attributes": {
            "arn": "arn:aws:ec2:ap-southeast-1:923247590277:vpc/vpc-05f757a5a64828752",
            "cidr_block": "10.8.0.0/16",
            "cidr_block_associations": [
              {
                "association_id": "vpc-cidr-assoc-02cf8823a2f3c5950",
                "cidr_block": "10.8.0.0/16",
                "state": "associated"
              }
            ],
            "default": false,
            "dhcp_options_id": "dopt-3e43f159",
            "enable_dns_hostnames": true,
            "enable_dns_support": true,
            "filter": null,
            "id": "vpc-05f757a5a64828752",
            "instance_tenancy": "default",
            "ipv6_association_id": null,
            "ipv6_cidr_block": null,
            "main_route_table_id": "rtb-0dd813cd69db65afa",
            "owner_id": "923247590277",
            "state": "available",
            "tags": {
              "Name": "chase-eks-test2-vpc",
              "kubernetes.io/cluster/chase-eks-test2": "shared"
            }
          },
          "depends_on": [
            "module.vpc"
          ]
        }
      ]
    },
    {
      "module": "module.eks.module.vpc",
      "mode": "data",
      "type": "aws_vpc_endpoint_service",
      "name": "apigw",
      "each": "list",
      "provider": "module.eks.provider.aws",
      "instances": []
    },
    {
      "module": "module.eks.module.vpc",
      "mode": "data",
      "type": "aws_vpc_endpoint_service",
      "name": "cloudtrail",
      "each": "list",
      "provider": "module.eks.provider.aws",
      "instances": []
    },
    {
      "module": "module.eks.module.vpc",
      "mode": "data",
      "type": "aws_vpc_endpoint_service",
      "name": "dynamodb",
      "each": "list",
      "provider": "module.eks.provider.aws",
      "instances": []
    },
    {
      "module": "module.eks.module.vpc",
      "mode": "data",
      "type": "aws_vpc_endpoint_service",
      "name": "ec2",
      "each": "list",
      "provider": "module.eks.provider.aws",
      "instances": []
    },
    {
      "module": "module.eks.module.vpc",
      "mode": "data",
      "type": "aws_vpc_endpoint_service",
      "name": "ec2messages",
      "each": "list",
      "provider": "module.eks.provider.aws",
      "instances": []
    },
    {
      "module": "module.eks.module.vpc",
      "mode": "data",
      "type": "aws_vpc_endpoint_service",
      "name": "ecr_api",
      "each": "list",
      "provider": "module.eks.provider.aws",
      "instances": []
    },
    {
      "module": "module.eks.module.vpc",
      "mode": "data",
      "type": "aws_vpc_endpoint_service",
      "name": "ecr_dkr",
      "each": "list",
      "provider": "module.eks.provider.aws",
      "instances": []
    },
    {
      "module": "module.eks.module.vpc",
      "mode": "data",
      "type": "aws_vpc_endpoint_service",
      "name": "ecs",
      "each": "list",
      "provider": "module.eks.provider.aws",
      "instances": []
    },
    {
      "module": "module.eks.module.vpc",
      "mode": "data",
      "type": "aws_vpc_endpoint_service",
      "name": "ecs_agent",
      "each": "list",
      "provider": "module.eks.provider.aws",
      "instances": []
    },
    {
      "module": "module.eks.module.vpc",
      "mode": "data",
      "type": "aws_vpc_endpoint_service",
      "name": "ecs_telemetry",
      "each": "list",
      "provider": "module.eks.provider.aws",
      "instances": []
    },
    {
      "module": "module.eks.module.vpc",
      "mode": "data",
      "type": "aws_vpc_endpoint_service",
      "name": "elasticloadbalancing",
      "each": "list",
      "provider": "module.eks.provider.aws",
      "instances": []
    },
    {
      "module": "module.eks.module.vpc",
      "mode": "data",
      "type": "aws_vpc_endpoint_service",
      "name": "events",
      "each": "list",
      "provider": "module.eks.provider.aws",
      "instances": []
    },
    {
      "module": "module.eks.module.vpc",
      "mode": "data",
      "type": "aws_vpc_endpoint_service",
      "name": "kms",
      "each": "list",
      "provider": "module.eks.provider.aws",
      "instances": []
    },
    {
      "module": "module.eks.module.vpc",
      "mode": "data",
      "type": "aws_vpc_endpoint_service",
      "name": "logs",
      "each": "list",
      "provider": "module.eks.provider.aws",
      "instances": []
    },
    {
      "module": "module.eks.module.vpc",
      "mode": "data",
      "type": "aws_vpc_endpoint_service",
      "name": "monitoring",
      "each": "list",
      "provider": "module.eks.provider.aws",
      "instances": []
    },
    {
      "module": "module.eks.module.vpc",
      "mode": "data",
      "type": "aws_vpc_endpoint_service",
      "name": "s3",
      "each": "list",
      "provider": "module.eks.provider.aws",
      "instances": []
    },
    {
      "module": "module.eks.module.vpc",
      "mode": "data",
      "type": "aws_vpc_endpoint_service",
      "name": "sns",
      "each": "list",
      "provider": "module.eks.provider.aws",
      "instances": []
    },
    {
      "module": "module.eks.module.vpc",
      "mode": "data",
      "type": "aws_vpc_endpoint_service",
      "name": "sqs",
      "each": "list",
      "provider": "module.eks.provider.aws",
      "instances": []
    },
    {
      "module": "module.eks.module.vpc",
      "mode": "data",
      "type": "aws_vpc_endpoint_service",
      "name": "ssm",
      "each": "list",
      "provider": "module.eks.provider.aws",
      "instances": []
    },
    {
      "module": "module.eks.module.vpc",
      "mode": "data",
      "type": "aws_vpc_endpoint_service",
      "name": "ssmmessages",
      "each": "list",
      "provider": "module.eks.provider.aws",
      "instances": []
    },
    {
      "module": "module.eks",
      "mode": "data",
      "type": "http",
      "name": "workstation-external-ip",
      "provider": "module.eks.provider.http",
      "instances": [
        {
          "schema_version": 0,
          "attributes": {
            "body": "58.151.93.2\n",
            "id": "2019-12-10 06:23:10.380252 +0000 UTC",
            "request_headers": null,
            "url": "http://ifconfig.co"
          }
        }
      ]
    },
    {
      "module": "module.eks.module.eks-nodes-asg",
      "mode": "managed",
      "type": "aws_autoscaling_group",
      "name": "this",
      "each": "list",
      "provider": "module.eks.provider.aws",
      "instances": [
        {
          "index_key": 0,
          "schema_version": 0,
          "attributes": {
            "arn": "arn:aws:autoscaling:ap-southeast-1:923247590277:autoScalingGroup:f6c85bc9-e342-48da-a9bd-5916b68f455f:autoScalingGroupName/eks-nodegroup-balanced-weasel-2019121006341257730000000a",
            "availability_zones": [
              "ap-southeast-1a",
              "ap-southeast-1b",
              "ap-southeast-1c"
            ],
            "default_cooldown": 300,
            "desired_capacity": 2,
            "enabled_metrics": [
              "GroupDesiredCapacity",
              "GroupInServiceInstances",
              "GroupMaxSize",
              "GroupMinSize",
              "GroupPendingInstances",
              "GroupStandbyInstances",
              "GroupTerminatingInstances",
              "GroupTotalInstances"
            ],
            "force_delete": false,
            "health_check_grace_period": 300,
            "health_check_type": "EC2",
            "id": "eks-nodegroup-balanced-weasel-2019121006341257730000000a",
            "initial_lifecycle_hook": [],
            "launch_configuration": "eks-nodes-20191210063410304600000009",
            "launch_template": [],
            "load_balancers": [],
            "max_instance_lifetime": 0,
            "max_size": 5,
            "metrics_granularity": "1Minute",
            "min_elb_capacity": 0,
            "min_size": 1,
            "mixed_instances_policy": [],
            "name": "eks-nodegroup-balanced-weasel-2019121006341257730000000a",
            "name_prefix": "eks-nodegroup-balanced-weasel-",
            "placement_group": "",
            "protect_from_scale_in": false,
            "service_linked_role_arn": "arn:aws:iam::923247590277:role/aws-service-role/autoscaling.amazonaws.com/AWSServiceRoleForAutoScaling",
            "suspended_processes": null,
            "tag": [],
            "tags": [
              {
                "key": "Name",
                "propagate_at_launch": "true",
                "value": "eks-nodes-asg"
              },
              {
                "key": "kubernetes.io/cluster/chase-eks-test2",
                "propagate_at_launch": "true",
                "value": "owned"
              }
            ],
            "target_group_arns": [],
            "termination_policies": [
              "Default"
            ],
            "timeouts": null,
            "vpc_zone_identifier": [
              "subnet-026c2f6a345e9b83c",
              "subnet-03fceca2e495f91d3",
              "subnet-041a078c13c6640f1"
            ],
            "wait_for_capacity_timeout": "0",
            "wait_for_elb_capacity": null
          },
          "private": "eyJlMmJmYjczMC1lY2FhLTExZTYtOGY4OC0zNDM2M2JjN2M0YzAiOnsiZGVsZXRlIjo2MDAwMDAwMDAwMDB9fQ==",
          "depends_on": [
            "aws_launch_configuration.this",
            "random_pet.asg_name"
          ]
        }
      ]
    },
    {
      "module": "module.eks.module.eks-nodes-asg",
      "mode": "managed",
      "type": "aws_autoscaling_group",
      "name": "this_with_initial_lifecycle_hook",
      "each": "list",
      "provider": "module.eks.provider.aws",
      "instances": []
    },
    {
      "module": "module.eks.module.vpc",
      "mode": "managed",
      "type": "aws_db_subnet_group",
      "name": "database",
      "each": "list",
      "provider": "module.eks.provider.aws",
      "instances": []
    },
    {
      "module": "module.eks.module.vpc",
      "mode": "managed",
      "type": "aws_default_network_acl",
      "name": "this",
      "each": "list",
      "provider": "module.eks.provider.aws",
      "instances": []
    },
    {
      "module": "module.eks.module.vpc",
      "mode": "managed",
      "type": "aws_default_vpc",
      "name": "this",
      "each": "list",
      "provider": "module.eks.provider.aws",
      "instances": []
    },
    {
      "module": "module.eks.module.vpc",
      "mode": "managed",
      "type": "aws_eip",
      "name": "nat",
      "each": "list",
      "provider": "module.eks.provider.aws",
      "instances": [
        {
          "index_key": 0,
          "schema_version": 0,
          "attributes": {
            "allocation_id": null,
            "associate_with_private_ip": null,
            "association_id": "",
            "domain": "vpc",
            "id": "eipalloc-0e17cf766de9d8416",
            "instance": "",
            "network_interface": "",
            "private_dns": null,
            "private_ip": "",
            "public_dns": "ec2-52-220-66-239.ap-southeast-1.compute.amazonaws.com",
            "public_ip": "52.220.66.239",
            "public_ipv4_pool": "amazon",
            "tags": {
              "Name": "chase-eks-test2-vpc",
              "kubernetes.io/cluster/chase-eks-test2": "shared"
            },
            "timeouts": null,
            "vpc": true
          },
          "private": "eyJlMmJmYjczMC1lY2FhLTExZTYtOGY4OC0zNDM2M2JjN2M0YzAiOnsiZGVsZXRlIjoxODAwMDAwMDAwMDAsInJlYWQiOjkwMDAwMDAwMDAwMCwidXBkYXRlIjozMDAwMDAwMDAwMDB9fQ=="
        },
        {
          "index_key": 1,
          "schema_version": 0,
          "attributes": {
            "allocation_id": null,
            "associate_with_private_ip": null,
            "association_id": "",
            "domain": "vpc",
            "id": "eipalloc-08621adccbbf7c25c",
            "instance": "",
            "network_interface": "",
            "private_dns": null,
            "private_ip": "",
            "public_dns": "ec2-18-140-168-206.ap-southeast-1.compute.amazonaws.com",
            "public_ip": "18.140.168.206",
            "public_ipv4_pool": "amazon",
            "tags": {
              "Name": "chase-eks-test2-vpc",
              "kubernetes.io/cluster/chase-eks-test2": "shared"
            },
            "timeouts": null,
            "vpc": true
          },
          "private": "eyJlMmJmYjczMC1lY2FhLTExZTYtOGY4OC0zNDM2M2JjN2M0YzAiOnsiZGVsZXRlIjoxODAwMDAwMDAwMDAsInJlYWQiOjkwMDAwMDAwMDAwMCwidXBkYXRlIjozMDAwMDAwMDAwMDB9fQ=="
        },
        {
          "index_key": 2,
          "schema_version": 0,
          "attributes": {
            "allocation_id": null,
            "associate_with_private_ip": null,
            "association_id": "",
            "domain": "vpc",
            "id": "eipalloc-0df786c6b7918da2e",
            "instance": "",
            "network_interface": "",
            "private_dns": null,
            "private_ip": "",
            "public_dns": "ec2-18-136-58-205.ap-southeast-1.compute.amazonaws.com",
            "public_ip": "18.136.58.205",
            "public_ipv4_pool": "amazon",
            "tags": {
              "Name": "chase-eks-test2-vpc",
              "kubernetes.io/cluster/chase-eks-test2": "shared"
            },
            "timeouts": null,
            "vpc": true
          },
          "private": "eyJlMmJmYjczMC1lY2FhLTExZTYtOGY4OC0zNDM2M2JjN2M0YzAiOnsiZGVsZXRlIjoxODAwMDAwMDAwMDAsInJlYWQiOjkwMDAwMDAwMDAwMCwidXBkYXRlIjozMDAwMDAwMDAwMDB9fQ=="
        }
      ]
    },
    {
      "module": "module.eks",
      "mode": "managed",
      "type": "aws_eks_cluster",
      "name": "eks",
      "provider": "module.eks.provider.aws",
      "instances": [
        {
          "schema_version": 0,
          "attributes": {
            "arn": "arn:aws:eks:ap-southeast-1:923247590277:cluster/chase-eks-test2",
            "certificate_authority": [
              {
                "data": "LS0tLS1CRUdJTiBDRVJUSUZJQ0FURS0tLS0tCk1JSUN5RENDQWJDZ0F3SUJBZ0lCQURBTkJna3Foa2lHOXcwQkFRc0ZBREFWTVJNd0VRWURWUVFERXdwcmRXSmwKY201bGRHVnpNQjRYRFRFNU1USXhNREEyTXpBME0xb1hEVEk1TVRJd056QTJNekEwTTFvd0ZURVRNQkVHQTFVRQpBeE1LYTNWaVpYSnVaWFJsY3pDQ0FTSXdEUVlKS29aSWh2Y05BUUVCQlFBRGdnRVBBRENDQVFvQ2dnRUJBT0g5Cnp0WHRsV1VySlBlc2lLUlZjYlZKR09naUk1WlNDT2J1ZTR5THhHQVphMWZVaWVJcEx3dWtCV1ZOS21xTWxRUUsKZ1pPWisrbHpRblZadzhNR09zMEc5eW5zQXRJQlAxZm8rT1dkZitJaTVMRDl0d213dnlRb0ZJRjlaUXdielE5cQo1ek53OENQRkZGWVhyR1RhSGliSDhyU0hMSE1QQUJBOXNDenlwQzNsTlB6TW5mUUxrUXlFSUhiaWQwZ1VOM1Y5ClpkcGF1blN0dGE3WlpuVTYydS9MYXQxQ0pGOXZlODJtT2oyZWxSSDdXZjJOb1k1bDdIL2t3ZlBEZVAwQlM1RXMKVVZpMnRhWkQ3N25lZC9BTml0bXIzSXBucUd3ZDRpbExiM1FMV2YxU2Rvdy9DTGdoZ21GRGo3dmJyUjUyU1VqRgpyQnJ1aHprT0RYNGdCRUh0bEJrQ0F3RUFBYU1qTUNFd0RnWURWUjBQQVFIL0JBUURBZ0trTUE4R0ExVWRFd0VCCi93UUZNQU1CQWY4d0RRWUpLb1pJaHZjTkFRRUxCUUFEZ2dFQkFFZjNTdStsNHhEUHE3bUEwMS8zOWJ6RzhFb2UKRVBGVjl4M2RPZ3RzUFhJaDJnR0wvN1BiVVUxbmFNbmMzOFZqSFRZdW5QM1BZdTd1TWZ0eWhDYnZuNDdGYnlUVQorTmtWVnhVNXI0RWVmNHVXNFlMS25NMkFRdUswUWVFbGd6aHJNSG1GWnkxUXMvMzhRS1pEMURqcHpsUWR6MjdCClhISU9FUmZFakdMMER2WGNPUXg2R1hwWEpkVEdTWFlxUnpUVjh5dTdkTFRMUWxlcnJvSHBJeHVNQUNEaS9LM3EKdEo3cXFVTTVPT2lWZWI1Wlo2L09NTEVmeFJMdXVaSmNqeUcyVTdDbWlKdDMrdUNkN1p6WGlpdTh4aVdZelhreQpaa0Y4Uk9QdWdoYWpZcXVLS0Mvd3VTVUF2bDRyL016ZkhncXFhc1hOQlRQdTdsNjVQOUZsa04vMUZNST0KLS0tLS1FTkQgQ0VSVElGSUNBVEUtLS0tLQo="
              }
            ],
            "created_at": "2019-12-10 06:23:50 +0000 UTC",
            "enabled_cluster_log_types": [
              "api",
              "audit",
              "authenticator",
              "controllerManager",
              "scheduler"
            ],
            "endpoint": "https://1BB2F9E548BF44D9266FC3C7FA382AF0.yl4.ap-southeast-1.eks.amazonaws.com",
            "id": "chase-eks-test2",
            "identity": [
              {
                "oidc": [
                  {
                    "issuer": "https://oidc.eks.ap-southeast-1.amazonaws.com/id/1BB2F9E548BF44D9266FC3C7FA382AF0"
                  }
                ]
              }
            ],
            "name": "chase-eks-test2",
            "platform_version": "eks.5",
            "role_arn": "arn:aws:iam::923247590277:role/chase-eks-test2-eks-cluster-role",
            "status": "ACTIVE",
            "tags": null,
            "timeouts": null,
            "version": "1.14",
            "vpc_config": [
              {
                "cluster_security_group_id": "sg-067411f10d2db12af",
                "endpoint_private_access": true,
                "endpoint_public_access": true,
                "security_group_ids": [
                  "sg-0326a3b4f8a2f6046"
                ],
                "subnet_ids": [
                  "subnet-026c2f6a345e9b83c",
                  "subnet-03fceca2e495f91d3",
                  "subnet-041a078c13c6640f1"
                ],
                "vpc_id": "vpc-05f757a5a64828752"
              }
            ]
          },
          "private": "eyJlMmJmYjczMC1lY2FhLTExZTYtOGY4OC0zNDM2M2JjN2M0YzAiOnsiY3JlYXRlIjoxODAwMDAwMDAwMDAwLCJkZWxldGUiOjkwMDAwMDAwMDAwMCwidXBkYXRlIjozNjAwMDAwMDAwMDAwfX0=",
          "depends_on": [
            "aws_iam_role.cluster",
            "aws_iam_role_policy_attachment.cluster-AmazonEKSClusterPolicy",
            "aws_iam_role_policy_attachment.cluster-AmazonEKSServicePolicy",
            "data.aws_security_group.cluster",
            "data.aws_subnet_ids.private"
          ]
        }
      ]
    },
    {
      "module": "module.eks.module.vpc",
      "mode": "managed",
      "type": "aws_elasticache_subnet_group",
      "name": "elasticache",
      "each": "list",
      "provider": "module.eks.provider.aws",
      "instances": []
    },
    {
      "module": "module.eks",
      "mode": "managed",
      "type": "aws_iam_instance_profile",
      "name": "node",
      "provider": "module.eks.provider.aws",
      "instances": [
        {
          "schema_version": 0,
          "attributes": {
            "arn": "arn:aws:iam::923247590277:instance-profile/chase-eks-test2-eks-node-instance-profile",
            "create_date": "2019-12-10T06:23:33Z",
            "id": "chase-eks-test2-eks-node-instance-profile",
            "name": "chase-eks-test2-eks-node-instance-profile",
            "name_prefix": null,
            "path": "/",
            "role": "chase-eks-test2-eks-node-role",
            "roles": [],
            "unique_id": "AIPA5N5OYHOC3MRWXA6SP"
          },
          "private": "bnVsbA==",
          "depends_on": [
            "aws_iam_role.node"
          ]
        }
      ]
    },
    {
      "module": "module.eks",
      "mode": "managed",
      "type": "aws_iam_role",
      "name": "cluster",
      "provider": "module.eks.provider.aws",
      "instances": [
        {
          "schema_version": 0,
          "attributes": {
            "arn": "arn:aws:iam::923247590277:role/chase-eks-test2-eks-cluster-role",
            "assume_role_policy": "{\"Version\":\"2012-10-17\",\"Statement\":[{\"Effect\":\"Allow\",\"Principal\":{\"Service\":\"eks.amazonaws.com\"},\"Action\":\"sts:AssumeRole\"}]}",
            "create_date": "2019-12-10T06:23:31Z",
            "description": "",
            "force_detach_policies": false,
            "id": "chase-eks-test2-eks-cluster-role",
            "max_session_duration": 3600,
            "name": "chase-eks-test2-eks-cluster-role",
            "name_prefix": null,
            "path": "/",
            "permissions_boundary": null,
            "tags": null,
            "unique_id": "AROA5N5OYHOCWPZBPOJVU"
          },
          "private": "bnVsbA=="
        }
      ]
    },
    {
      "module": "module.eks",
      "mode": "managed",
      "type": "aws_iam_role",
      "name": "node",
      "provider": "module.eks.provider.aws",
      "instances": [
        {
          "schema_version": 0,
          "attributes": {
            "arn": "arn:aws:iam::923247590277:role/chase-eks-test2-eks-node-role",
            "assume_role_policy": "{\"Version\":\"2012-10-17\",\"Statement\":[{\"Effect\":\"Allow\",\"Principal\":{\"Service\":\"ec2.amazonaws.com\"},\"Action\":\"sts:AssumeRole\"}]}",
            "create_date": "2019-12-10T06:23:31Z",
            "description": "",
            "force_detach_policies": false,
            "id": "chase-eks-test2-eks-node-role",
            "max_session_duration": 3600,
            "name": "chase-eks-test2-eks-node-role",
            "name_prefix": null,
            "path": "/",
            "permissions_boundary": null,
            "tags": null,
            "unique_id": "AROA5N5OYHOCWEZVASXQE"
          },
          "private": "bnVsbA=="
        }
      ]
    },
    {
      "module": "module.eks",
      "mode": "managed",
      "type": "aws_iam_role_policy_attachment",
      "name": "cluster-AmazonEKSClusterPolicy",
      "provider": "module.eks.provider.aws",
      "instances": [
        {
          "schema_version": 0,
          "attributes": {
            "id": "chase-eks-test2-eks-cluster-role-20191210062333916100000002",
            "policy_arn": "arn:aws:iam::aws:policy/AmazonEKSClusterPolicy",
            "role": "chase-eks-test2-eks-cluster-role"
          },
          "private": "bnVsbA==",
          "depends_on": [
            "aws_iam_role.cluster"
          ]
        }
      ]
    },
    {
      "module": "module.eks",
      "mode": "managed",
      "type": "aws_iam_role_policy_attachment",
      "name": "cluster-AmazonEKSServicePolicy",
      "provider": "module.eks.provider.aws",
      "instances": [
        {
          "schema_version": 0,
          "attributes": {
            "id": "chase-eks-test2-eks-cluster-role-20191210062333906400000001",
            "policy_arn": "arn:aws:iam::aws:policy/AmazonEKSServicePolicy",
            "role": "chase-eks-test2-eks-cluster-role"
          },
          "private": "bnVsbA==",
          "depends_on": [
            "aws_iam_role.cluster"
          ]
        }
      ]
    },
    {
      "module": "module.eks",
      "mode": "managed",
      "type": "aws_iam_role_policy_attachment",
      "name": "node-AmazonEC2ContainerRegistryReadOnly",
      "provider": "module.eks.provider.aws",
      "instances": [
        {
          "schema_version": 0,
          "attributes": {
            "id": "chase-eks-test2-eks-node-role-20191210062333985800000004",
            "policy_arn": "arn:aws:iam::aws:policy/AmazonEC2ContainerRegistryReadOnly",
            "role": "chase-eks-test2-eks-node-role"
          },
          "private": "bnVsbA==",
          "depends_on": [
            "aws_iam_role.node"
          ]
        }
      ]
    },
    {
      "module": "module.eks",
      "mode": "managed",
      "type": "aws_iam_role_policy_attachment",
      "name": "node-AmazonEKSWorkerNodePolicy",
      "provider": "module.eks.provider.aws",
      "instances": [
        {
          "schema_version": 0,
          "attributes": {
            "id": "chase-eks-test2-eks-node-role-20191210062333988200000005",
            "policy_arn": "arn:aws:iam::aws:policy/AmazonEKSWorkerNodePolicy",
            "role": "chase-eks-test2-eks-node-role"
          },
          "private": "bnVsbA==",
          "depends_on": [
            "aws_iam_role.node"
          ]
        }
      ]
    },
    {
      "module": "module.eks",
      "mode": "managed",
      "type": "aws_iam_role_policy_attachment",
      "name": "node-AmazonEKS_CNI_Policy",
      "provider": "module.eks.provider.aws",
      "instances": [
        {
          "schema_version": 0,
          "attributes": {
            "id": "chase-eks-test2-eks-node-role-20191210062333963300000003",
            "policy_arn": "arn:aws:iam::aws:policy/AmazonEKS_CNI_Policy",
            "role": "chase-eks-test2-eks-node-role"
          },
          "private": "bnVsbA==",
          "depends_on": [
            "aws_iam_role.node"
          ]
        }
      ]
    },
    {
      "module": "module.eks.module.vpc",
      "mode": "managed",
      "type": "aws_internet_gateway",
      "name": "this",
      "each": "list",
      "provider": "module.eks.provider.aws",
      "instances": [
        {
          "index_key": 0,
          "schema_version": 0,
          "attributes": {
            "id": "igw-03197935a0def432a",
            "owner_id": "923247590277",
            "tags": {
              "Name": "chase-eks-test2-vpc",
              "kubernetes.io/cluster/chase-eks-test2": "shared"
            },
            "vpc_id": "vpc-05f757a5a64828752"
          },
          "private": "bnVsbA=="
        }
      ]
    },
    {
      "mode": "managed",
      "type": "aws_key_pair",
      "name": "chase-key",
      "provider": "provider.aws",
      "instances": [
        {
          "schema_version": 1,
          "attributes": {
            "fingerprint": "6f:62:c9:a4:cd:31:a2:c3:30:78:44:59:ca:ac:df:20",
            "id": "chase.kim-key",
            "key_name": "chase.kim-key",
            "key_name_prefix": null,
            "public_key": "ssh-rsa AAAAB3NzaC1yc2EAAAADAQABAAABAQC7liemYCOrhmGmuL/xzbUiBePz7YHIAH7E4lhAgy3G0/0ST9I4Wum/DXgh34hMyGKPqcwo0PWo14cdTae99nFPkkPH3GMMNtDNQ5FpoorrVE84a1xGD7+hlvqoyIJyOnmDgEhiDwIoi5Z/AC20CdiswXQpqGGCDfzXdTuxMnSiyAVLFWl7nxYHkIVEoq+E6PH4IpnJj2RjgFncwb1hdaAMn1jPY5mOW5v8dudxaQWWClTwsymQAC51IoZGAQrWg14SUrK+sSX9yEwz7NSgNDib7trSCNu9VzTjrUWOkTPyznA6Lj8AVPTsUucvG++ZAuB+3ANMkKMkMKtT2yjuuK/f amolangg@Seokjoons-MacBook-Pro.local"
          },
          "private": "eyJzY2hlbWFfdmVyc2lvbiI6IjEifQ=="
        }
      ]
    },
    {
      "module": "module.eks.module.eks-nodes-asg",
      "mode": "managed",
      "type": "aws_launch_configuration",
      "name": "this",
      "each": "list",
      "provider": "module.eks.provider.aws",
      "instances": [
        {
          "index_key": 0,
          "schema_version": 0,
          "attributes": {
            "associate_public_ip_address": false,
            "ebs_block_device": [],
            "ebs_optimized": false,
            "enable_monitoring": true,
            "ephemeral_block_device": [],
            "iam_instance_profile": "chase-eks-test2-eks-node-instance-profile",
            "id": "eks-nodes-20191210063410304600000009",
            "image_id": "ami-0d275f57a60281ccc",
            "instance_type": "t2.large",
            "key_name": "chase.kim-key",
            "name": "eks-nodes-20191210063410304600000009",
            "name_prefix": "eks-nodes-",
            "placement_tenancy": "default",
            "root_block_device": [
              {
                "delete_on_termination": true,
                "encrypted": false,
                "iops": 0,
                "volume_size": 20,
                "volume_type": "gp2"
              }
            ],
            "security_groups": [
              "sg-06d15556daeba9e15"
            ],
            "spot_price": "",
            "user_data": "4f921803aacbca6d69f98ec24457ef2bb7ae335b",
            "user_data_base64": null,
            "vpc_classic_link_id": "",
            "vpc_classic_link_security_groups": null
          },
          "private": "bnVsbA=="
        }
      ]
    },
    {
      "module": "module.eks.module.vpc",
      "mode": "managed",
      "type": "aws_nat_gateway",
      "name": "this",
      "each": "list",
      "provider": "module.eks.provider.aws",
      "instances": [
        {
          "index_key": 0,
          "schema_version": 0,
          "attributes": {
            "allocation_id": "eipalloc-0e17cf766de9d8416",
            "id": "nat-0ead57ea7bd3aee55",
            "network_interface_id": "eni-01f37e8961f132e84",
            "private_ip": "10.8.133.51",
            "public_ip": "52.220.66.239",
            "subnet_id": "subnet-0e687c4ef5dc203f2",
            "tags": {
              "Name": "chase-eks-test2-vpc",
              "kubernetes.io/cluster/chase-eks-test2": "shared"
            }
          },
          "private": "bnVsbA==",
          "depends_on": [
            "aws_internet_gateway.this",
            "aws_subnet.public"
          ]
        },
        {
          "index_key": 1,
          "schema_version": 0,
          "attributes": {
            "allocation_id": "eipalloc-08621adccbbf7c25c",
            "id": "nat-041828699c767d62a",
            "network_interface_id": "eni-053b75f460e61d770",
            "private_ip": "10.8.140.175",
            "public_ip": "18.140.168.206",
            "subnet_id": "subnet-0e687c4ef5dc203f2",
            "tags": {
              "Name": "chase-eks-test2-vpc",
              "kubernetes.io/cluster/chase-eks-test2": "shared"
            }
          },
          "private": "bnVsbA==",
          "depends_on": [
            "aws_internet_gateway.this",
            "aws_subnet.public"
          ]
        },
        {
          "index_key": 2,
          "schema_version": 0,
          "attributes": {
            "allocation_id": "eipalloc-0df786c6b7918da2e",
            "id": "nat-04270d1bd076fd104",
            "network_interface_id": "eni-05860cb0d4b10b571",
            "private_ip": "10.8.129.233",
            "public_ip": "18.136.58.205",
            "subnet_id": "subnet-0e687c4ef5dc203f2",
            "tags": {
              "Name": "chase-eks-test2-vpc",
              "kubernetes.io/cluster/chase-eks-test2": "shared"
            }
          },
          "private": "bnVsbA==",
          "depends_on": [
            "aws_internet_gateway.this",
            "aws_subnet.public"
          ]
        }
      ]
    },
    {
      "module": "module.eks.module.vpc",
      "mode": "managed",
      "type": "aws_network_acl",
      "name": "database",
      "each": "list",
      "provider": "module.eks.provider.aws",
      "instances": []
    },
    {
      "module": "module.eks.module.vpc",
      "mode": "managed",
      "type": "aws_network_acl",
      "name": "elasticache",
      "each": "list",
      "provider": "module.eks.provider.aws",
      "instances": []
    },
    {
      "module": "module.eks.module.vpc",
      "mode": "managed",
      "type": "aws_network_acl",
      "name": "intra",
      "each": "list",
      "provider": "module.eks.provider.aws",
      "instances": []
    },
    {
      "module": "module.eks.module.vpc",
      "mode": "managed",
      "type": "aws_network_acl",
      "name": "private",
      "each": "list",
      "provider": "module.eks.provider.aws",
      "instances": []
    },
    {
      "module": "module.eks.module.vpc",
      "mode": "managed",
      "type": "aws_network_acl",
      "name": "public",
      "each": "list",
      "provider": "module.eks.provider.aws",
      "instances": []
    },
    {
      "module": "module.eks.module.vpc",
      "mode": "managed",
      "type": "aws_network_acl",
      "name": "redshift",
      "each": "list",
      "provider": "module.eks.provider.aws",
      "instances": []
    },
    {
      "module": "module.eks.module.vpc",
      "mode": "managed",
      "type": "aws_network_acl_rule",
      "name": "database_inbound",
      "each": "list",
      "provider": "module.eks.provider.aws",
      "instances": []
    },
    {
      "module": "module.eks.module.vpc",
      "mode": "managed",
      "type": "aws_network_acl_rule",
      "name": "database_outbound",
      "each": "list",
      "provider": "module.eks.provider.aws",
      "instances": []
    },
    {
      "module": "module.eks.module.vpc",
      "mode": "managed",
      "type": "aws_network_acl_rule",
      "name": "elasticache_inbound",
      "each": "list",
      "provider": "module.eks.provider.aws",
      "instances": []
    },
    {
      "module": "module.eks.module.vpc",
      "mode": "managed",
      "type": "aws_network_acl_rule",
      "name": "elasticache_outbound",
      "each": "list",
      "provider": "module.eks.provider.aws",
      "instances": []
    },
    {
      "module": "module.eks.module.vpc",
      "mode": "managed",
      "type": "aws_network_acl_rule",
      "name": "intra_inbound",
      "each": "list",
      "provider": "module.eks.provider.aws",
      "instances": []
    },
    {
      "module": "module.eks.module.vpc",
      "mode": "managed",
      "type": "aws_network_acl_rule",
      "name": "intra_outbound",
      "each": "list",
      "provider": "module.eks.provider.aws",
      "instances": []
    },
    {
      "module": "module.eks.module.vpc",
      "mode": "managed",
      "type": "aws_network_acl_rule",
      "name": "private_inbound",
      "each": "list",
      "provider": "module.eks.provider.aws",
      "instances": []
    },
    {
      "module": "module.eks.module.vpc",
      "mode": "managed",
      "type": "aws_network_acl_rule",
      "name": "private_outbound",
      "each": "list",
      "provider": "module.eks.provider.aws",
      "instances": []
    },
    {
      "module": "module.eks.module.vpc",
      "mode": "managed",
      "type": "aws_network_acl_rule",
      "name": "public_inbound",
      "each": "list",
      "provider": "module.eks.provider.aws",
      "instances": []
    },
    {
      "module": "module.eks.module.vpc",
      "mode": "managed",
      "type": "aws_network_acl_rule",
      "name": "public_outbound",
      "each": "list",
      "provider": "module.eks.provider.aws",
      "instances": []
    },
    {
      "module": "module.eks.module.vpc",
      "mode": "managed",
      "type": "aws_network_acl_rule",
      "name": "redshift_inbound",
      "each": "list",
      "provider": "module.eks.provider.aws",
      "instances": []
    },
    {
      "module": "module.eks.module.vpc",
      "mode": "managed",
      "type": "aws_network_acl_rule",
      "name": "redshift_outbound",
      "each": "list",
      "provider": "module.eks.provider.aws",
      "instances": []
    },
    {
      "module": "module.eks.module.vpc",
      "mode": "managed",
      "type": "aws_redshift_subnet_group",
      "name": "redshift",
      "each": "list",
      "provider": "module.eks.provider.aws",
      "instances": []
    },
    {
      "module": "module.eks.module.vpc",
      "mode": "managed",
      "type": "aws_route",
      "name": "database_internet_gateway",
      "each": "list",
      "provider": "module.eks.provider.aws",
      "instances": []
    },
    {
      "module": "module.eks.module.vpc",
      "mode": "managed",
      "type": "aws_route",
      "name": "database_nat_gateway",
      "each": "list",
      "provider": "module.eks.provider.aws",
      "instances": []
    },
    {
      "module": "module.eks.module.vpc",
      "mode": "managed",
      "type": "aws_route",
      "name": "private_nat_gateway",
      "each": "list",
      "provider": "module.eks.provider.aws",
      "instances": [
        {
          "index_key": 0,
          "schema_version": 0,
          "attributes": {
            "destination_cidr_block": "0.0.0.0/0",
            "destination_ipv6_cidr_block": null,
            "destination_prefix_list_id": "",
            "egress_only_gateway_id": "",
            "gateway_id": "",
            "id": "r-rtb-0b5bc83847abf9b4d1080289494",
            "instance_id": "",
            "instance_owner_id": "",
            "nat_gateway_id": "nat-0ead57ea7bd3aee55",
            "network_interface_id": "",
            "origin": "CreateRoute",
            "route_table_id": "rtb-0b5bc83847abf9b4d",
            "state": "active",
            "timeouts": {
              "create": "5m",
              "delete": null
            },
            "transit_gateway_id": "",
            "vpc_peering_connection_id": ""
          },
          "private": "eyJlMmJmYjczMC1lY2FhLTExZTYtOGY4OC0zNDM2M2JjN2M0YzAiOnsiY3JlYXRlIjozMDAwMDAwMDAwMDAsImRlbGV0ZSI6MzAwMDAwMDAwMDAwfX0=",
          "depends_on": [
            "aws_nat_gateway.this",
            "aws_route_table.private"
          ]
        },
        {
          "index_key": 1,
          "schema_version": 0,
          "attributes": {
            "destination_cidr_block": "0.0.0.0/0",
            "destination_ipv6_cidr_block": null,
            "destination_prefix_list_id": "",
            "egress_only_gateway_id": "",
            "gateway_id": "",
            "id": "r-rtb-05016212f2d1bfb371080289494",
            "instance_id": "",
            "instance_owner_id": "",
            "nat_gateway_id": "nat-041828699c767d62a",
            "network_interface_id": "",
            "origin": "CreateRoute",
            "route_table_id": "rtb-05016212f2d1bfb37",
            "state": "active",
            "timeouts": {
              "create": "5m",
              "delete": null
            },
            "transit_gateway_id": "",
            "vpc_peering_connection_id": ""
          },
          "private": "eyJlMmJmYjczMC1lY2FhLTExZTYtOGY4OC0zNDM2M2JjN2M0YzAiOnsiY3JlYXRlIjozMDAwMDAwMDAwMDAsImRlbGV0ZSI6MzAwMDAwMDAwMDAwfX0=",
          "depends_on": [
            "aws_nat_gateway.this",
            "aws_route_table.private"
          ]
        },
        {
          "index_key": 2,
          "schema_version": 0,
          "attributes": {
            "destination_cidr_block": "0.0.0.0/0",
            "destination_ipv6_cidr_block": null,
            "destination_prefix_list_id": "",
            "egress_only_gateway_id": "",
            "gateway_id": "",
            "id": "r-rtb-0f037ba0a0bb59a3f1080289494",
            "instance_id": "",
            "instance_owner_id": "",
            "nat_gateway_id": "nat-04270d1bd076fd104",
            "network_interface_id": "",
            "origin": "CreateRoute",
            "route_table_id": "rtb-0f037ba0a0bb59a3f",
            "state": "active",
            "timeouts": {
              "create": "5m",
              "delete": null
            },
            "transit_gateway_id": "",
            "vpc_peering_connection_id": ""
          },
          "private": "eyJlMmJmYjczMC1lY2FhLTExZTYtOGY4OC0zNDM2M2JjN2M0YzAiOnsiY3JlYXRlIjozMDAwMDAwMDAwMDAsImRlbGV0ZSI6MzAwMDAwMDAwMDAwfX0=",
          "depends_on": [
            "aws_nat_gateway.this",
            "aws_route_table.private"
          ]
        }
      ]
    },
    {
      "module": "module.eks.module.vpc",
      "mode": "managed",
      "type": "aws_route",
      "name": "public_internet_gateway",
      "each": "list",
      "provider": "module.eks.provider.aws",
      "instances": [
        {
          "index_key": 0,
          "schema_version": 0,
          "attributes": {
            "destination_cidr_block": "0.0.0.0/0",
            "destination_ipv6_cidr_block": null,
            "destination_prefix_list_id": "",
            "egress_only_gateway_id": "",
            "gateway_id": "igw-03197935a0def432a",
            "id": "r-rtb-0337229f8ee6d49d91080289494",
            "instance_id": "",
            "instance_owner_id": "",
            "nat_gateway_id": "",
            "network_interface_id": "",
            "origin": "CreateRoute",
            "route_table_id": "rtb-0337229f8ee6d49d9",
            "state": "active",
            "timeouts": {
              "create": "5m",
              "delete": null
            },
            "transit_gateway_id": "",
            "vpc_peering_connection_id": ""
          },
          "private": "eyJlMmJmYjczMC1lY2FhLTExZTYtOGY4OC0zNDM2M2JjN2M0YzAiOnsiY3JlYXRlIjozMDAwMDAwMDAwMDAsImRlbGV0ZSI6MzAwMDAwMDAwMDAwfX0=",
          "depends_on": [
            "aws_internet_gateway.this[0]",
            "aws_route_table.public[0]"
          ]
        }
      ]
    },
    {
      "module": "module.eks.module.vpc",
      "mode": "managed",
      "type": "aws_route_table",
      "name": "database",
      "each": "list",
      "provider": "module.eks.provider.aws",
      "instances": []
    },
    {
      "module": "module.eks.module.vpc",
      "mode": "managed",
      "type": "aws_route_table",
      "name": "elasticache",
      "each": "list",
      "provider": "module.eks.provider.aws",
      "instances": []
    },
    {
      "module": "module.eks.module.vpc",
      "mode": "managed",
      "type": "aws_route_table",
      "name": "intra",
      "each": "list",
      "provider": "module.eks.provider.aws",
      "instances": []
    },
    {
      "module": "module.eks.module.vpc",
      "mode": "managed",
      "type": "aws_route_table",
      "name": "private",
      "each": "list",
      "provider": "module.eks.provider.aws",
      "instances": [
        {
          "index_key": 0,
          "schema_version": 0,
          "attributes": {
            "id": "rtb-0b5bc83847abf9b4d",
            "owner_id": "923247590277",
            "propagating_vgws": [],
            "route": [],
            "tags": {
              "Name": "chase-eks-test2-vpc",
              "kubernetes.io/cluster/chase-eks-test2": "shared"
            },
            "vpc_id": "vpc-05f757a5a64828752"
          },
          "private": "bnVsbA=="
        },
        {
          "index_key": 1,
          "schema_version": 0,
          "attributes": {
            "id": "rtb-05016212f2d1bfb37",
            "owner_id": "923247590277",
            "propagating_vgws": [],
            "route": [],
            "tags": {
              "Name": "chase-eks-test2-vpc",
              "kubernetes.io/cluster/chase-eks-test2": "shared"
            },
            "vpc_id": "vpc-05f757a5a64828752"
          },
          "private": "bnVsbA=="
        },
        {
          "index_key": 2,
          "schema_version": 0,
          "attributes": {
            "id": "rtb-0f037ba0a0bb59a3f",
            "owner_id": "923247590277",
            "propagating_vgws": [],
            "route": [],
            "tags": {
              "Name": "chase-eks-test2-vpc",
              "kubernetes.io/cluster/chase-eks-test2": "shared"
            },
            "vpc_id": "vpc-05f757a5a64828752"
          },
          "private": "bnVsbA=="
        }
      ]
    },
    {
      "module": "module.eks.module.vpc",
      "mode": "managed",
      "type": "aws_route_table",
      "name": "public",
      "each": "list",
      "provider": "module.eks.provider.aws",
      "instances": [
        {
          "index_key": 0,
          "schema_version": 0,
          "attributes": {
            "id": "rtb-0337229f8ee6d49d9",
            "owner_id": "923247590277",
            "propagating_vgws": [],
            "route": [],
            "tags": {
              "Name": "chase-eks-test2-vpc",
              "kubernetes.io/cluster/chase-eks-test2": "shared"
            },
            "vpc_id": "vpc-05f757a5a64828752"
          },
          "private": "bnVsbA=="
        }
      ]
    },
    {
      "module": "module.eks.module.vpc",
      "mode": "managed",
      "type": "aws_route_table",
      "name": "redshift",
      "each": "list",
      "provider": "module.eks.provider.aws",
      "instances": []
    },
    {
      "module": "module.eks.module.vpc",
      "mode": "managed",
      "type": "aws_route_table_association",
      "name": "database",
      "each": "list",
      "provider": "module.eks.provider.aws",
      "instances": []
    },
    {
      "module": "module.eks.module.vpc",
      "mode": "managed",
      "type": "aws_route_table_association",
      "name": "elasticache",
      "each": "list",
      "provider": "module.eks.provider.aws",
      "instances": []
    },
    {
      "module": "module.eks.module.vpc",
      "mode": "managed",
      "type": "aws_route_table_association",
      "name": "intra",
      "each": "list",
      "provider": "module.eks.provider.aws",
      "instances": []
    },
    {
      "module": "module.eks.module.vpc",
      "mode": "managed",
      "type": "aws_route_table_association",
      "name": "private",
      "each": "list",
      "provider": "module.eks.provider.aws",
      "instances": [
        {
          "index_key": 0,
          "schema_version": 0,
          "attributes": {
            "gateway_id": null,
            "id": "rtbassoc-0b277ef5420865f68",
            "route_table_id": "rtb-0b5bc83847abf9b4d",
            "subnet_id": "subnet-03fceca2e495f91d3"
          },
          "private": "bnVsbA==",
          "depends_on": [
            "aws_route_table.private",
            "aws_subnet.private"
          ]
        },
        {
          "index_key": 1,
          "schema_version": 0,
          "attributes": {
            "gateway_id": null,
            "id": "rtbassoc-0c100ed643b1c617e",
            "route_table_id": "rtb-05016212f2d1bfb37",
            "subnet_id": "subnet-041a078c13c6640f1"
          },
          "private": "bnVsbA==",
          "depends_on": [
            "aws_route_table.private",
            "aws_subnet.private"
          ]
        },
        {
          "index_key": 2,
          "schema_version": 0,
          "attributes": {
            "gateway_id": null,
            "id": "rtbassoc-08f94f2d67f8d1ef8",
            "route_table_id": "rtb-0f037ba0a0bb59a3f",
            "subnet_id": "subnet-026c2f6a345e9b83c"
          },
          "private": "bnVsbA==",
          "depends_on": [
            "aws_route_table.private",
            "aws_subnet.private"
          ]
        }
      ]
    },
    {
      "module": "module.eks.module.vpc",
      "mode": "managed",
      "type": "aws_route_table_association",
      "name": "public",
      "each": "list",
      "provider": "module.eks.provider.aws",
      "instances": [
        {
          "index_key": 0,
          "schema_version": 0,
          "attributes": {
            "gateway_id": null,
            "id": "rtbassoc-0eba5d714be8e73ca",
            "route_table_id": "rtb-0337229f8ee6d49d9",
            "subnet_id": "subnet-0e687c4ef5dc203f2"
          },
          "private": "bnVsbA==",
          "depends_on": [
            "aws_route_table.public[0]",
            "aws_subnet.public"
          ]
        }
      ]
    },
    {
      "module": "module.eks.module.vpc",
      "mode": "managed",
      "type": "aws_route_table_association",
      "name": "redshift",
      "each": "list",
      "provider": "module.eks.provider.aws",
      "instances": []
    },
    {
      "module": "module.eks.module.vpc",
      "mode": "managed",
      "type": "aws_route_table_association",
      "name": "redshift_public",
      "each": "list",
      "provider": "module.eks.provider.aws",
      "instances": []
    },
    {
      "module": "module.eks.module.ssh_sg",
      "mode": "managed",
      "type": "aws_security_group",
      "name": "this",
      "each": "list",
      "provider": "module.eks.provider.aws",
      "instances": []
    },
    {
      "module": "module.eks.module.node-sg",
      "mode": "managed",
      "type": "aws_security_group",
      "name": "this",
      "each": "list",
      "provider": "module.eks.provider.aws",
      "instances": []
    },
    {
      "module": "module.eks.module.cluster-sg",
      "mode": "managed",
      "type": "aws_security_group",
      "name": "this",
      "each": "list",
      "provider": "module.eks.provider.aws",
      "instances": []
    },
    {
      "module": "module.eks.module.ssh_sg",
      "mode": "managed",
      "type": "aws_security_group",
      "name": "this_name_prefix",
      "each": "list",
      "provider": "module.eks.provider.aws",
      "instances": [
        {
          "index_key": 0,
          "schema_version": 1,
          "attributes": {
            "arn": "arn:aws:ec2:ap-southeast-1:923247590277:security-group/sg-0ed15b53e1f2e230b",
            "description": "Security group which is to allow SSH from Bastion",
            "egress": [],
            "id": "sg-0ed15b53e1f2e230b",
            "ingress": [],
            "name": "ssh-sg-20191210062342087100000007",
            "name_prefix": "ssh-sg-",
            "owner_id": "923247590277",
            "revoke_rules_on_delete": false,
            "tags": {
              "Name": "ssh-sg"
            },
            "timeouts": null,
            "vpc_id": "vpc-05f757a5a64828752"
          },
          "private": "eyJlMmJmYjczMC1lY2FhLTExZTYtOGY4OC0zNDM2M2JjN2M0YzAiOnsiY3JlYXRlIjo2MDAwMDAwMDAwMDAsImRlbGV0ZSI6NjAwMDAwMDAwMDAwfSwic2NoZW1hX3ZlcnNpb24iOiIxIn0="
        }
      ]
    },
    {
      "module": "module.eks.module.node-sg",
      "mode": "managed",
      "type": "aws_security_group",
      "name": "this_name_prefix",
      "each": "list",
      "provider": "module.eks.provider.aws",
      "instances": [
        {
          "index_key": 0,
          "schema_version": 1,
          "attributes": {
            "arn": "arn:aws:ec2:ap-southeast-1:923247590277:security-group/sg-06d15556daeba9e15",
            "description": "EKS node security groups",
            "egress": [],
            "id": "sg-06d15556daeba9e15",
            "ingress": [],
            "name": "node-sg-20191210062342087100000006",
            "name_prefix": "node-sg-",
            "owner_id": "923247590277",
            "revoke_rules_on_delete": false,
            "tags": {
              "Name": "node-sg",
              "kubernetes.io/cluster/chase-eks-test2": "owned"
            },
            "timeouts": null,
            "vpc_id": "vpc-05f757a5a64828752"
          },
          "private": "eyJlMmJmYjczMC1lY2FhLTExZTYtOGY4OC0zNDM2M2JjN2M0YzAiOnsiY3JlYXRlIjo2MDAwMDAwMDAwMDAsImRlbGV0ZSI6NjAwMDAwMDAwMDAwfSwic2NoZW1hX3ZlcnNpb24iOiIxIn0="
        }
      ]
    },
    {
      "module": "module.eks.module.cluster-sg",
      "mode": "managed",
      "type": "aws_security_group",
      "name": "this_name_prefix",
      "each": "list",
      "provider": "module.eks.provider.aws",
      "instances": [
        {
          "index_key": 0,
          "schema_version": 1,
          "attributes": {
            "arn": "arn:aws:ec2:ap-southeast-1:923247590277:security-group/sg-0326a3b4f8a2f6046",
            "description": "EKS node security groups",
            "egress": [],
            "id": "sg-0326a3b4f8a2f6046",
            "ingress": [],
            "name": "cluster-sg-20191210062342087200000008",
            "name_prefix": "cluster-sg-",
            "owner_id": "923247590277",
            "revoke_rules_on_delete": false,
            "tags": {
              "Name": "cluster-sg"
            },
            "timeouts": null,
            "vpc_id": "vpc-05f757a5a64828752"
          },
          "private": "eyJlMmJmYjczMC1lY2FhLTExZTYtOGY4OC0zNDM2M2JjN2M0YzAiOnsiY3JlYXRlIjo2MDAwMDAwMDAwMDAsImRlbGV0ZSI6NjAwMDAwMDAwMDAwfSwic2NoZW1hX3ZlcnNpb24iOiIxIn0="
        }
      ]
    },
    {
      "module": "module.eks.module.ssh_sg",
      "mode": "managed",
      "type": "aws_security_group_rule",
      "name": "computed_egress_rules",
      "each": "list",
      "provider": "module.eks.provider.aws",
      "instances": []
    },
    {
      "module": "module.eks.module.node-sg",
      "mode": "managed",
      "type": "aws_security_group_rule",
      "name": "computed_egress_rules",
      "each": "list",
      "provider": "module.eks.provider.aws",
      "instances": []
    },
    {
      "module": "module.eks.module.cluster-sg",
      "mode": "managed",
      "type": "aws_security_group_rule",
      "name": "computed_egress_rules",
      "each": "list",
      "provider": "module.eks.provider.aws",
      "instances": []
    },
    {
      "module": "module.eks.module.ssh_sg",
      "mode": "managed",
      "type": "aws_security_group_rule",
      "name": "computed_egress_with_cidr_blocks",
      "each": "list",
      "provider": "module.eks.provider.aws",
      "instances": []
    },
    {
      "module": "module.eks.module.node-sg",
      "mode": "managed",
      "type": "aws_security_group_rule",
      "name": "computed_egress_with_cidr_blocks",
      "each": "list",
      "provider": "module.eks.provider.aws",
      "instances": []
    },
    {
      "module": "module.eks.module.cluster-sg",
      "mode": "managed",
      "type": "aws_security_group_rule",
      "name": "computed_egress_with_cidr_blocks",
      "each": "list",
      "provider": "module.eks.provider.aws",
      "instances": []
    },
    {
      "module": "module.eks.module.ssh_sg",
      "mode": "managed",
      "type": "aws_security_group_rule",
      "name": "computed_egress_with_ipv6_cidr_blocks",
      "each": "list",
      "provider": "module.eks.provider.aws",
      "instances": []
    },
    {
      "module": "module.eks.module.node-sg",
      "mode": "managed",
      "type": "aws_security_group_rule",
      "name": "computed_egress_with_ipv6_cidr_blocks",
      "each": "list",
      "provider": "module.eks.provider.aws",
      "instances": []
    },
    {
      "module": "module.eks.module.cluster-sg",
      "mode": "managed",
      "type": "aws_security_group_rule",
      "name": "computed_egress_with_ipv6_cidr_blocks",
      "each": "list",
      "provider": "module.eks.provider.aws",
      "instances": []
    },
    {
      "module": "module.eks.module.ssh_sg",
      "mode": "managed",
      "type": "aws_security_group_rule",
      "name": "computed_egress_with_self",
      "each": "list",
      "provider": "module.eks.provider.aws",
      "instances": []
    },
    {
      "module": "module.eks.module.node-sg",
      "mode": "managed",
      "type": "aws_security_group_rule",
      "name": "computed_egress_with_self",
      "each": "list",
      "provider": "module.eks.provider.aws",
      "instances": []
    },
    {
      "module": "module.eks.module.cluster-sg",
      "mode": "managed",
      "type": "aws_security_group_rule",
      "name": "computed_egress_with_self",
      "each": "list",
      "provider": "module.eks.provider.aws",
      "instances": []
    },
    {
      "module": "module.eks.module.ssh_sg",
      "mode": "managed",
      "type": "aws_security_group_rule",
      "name": "computed_egress_with_source_security_group_id",
      "each": "list",
      "provider": "module.eks.provider.aws",
      "instances": []
    },
    {
      "module": "module.eks.module.node-sg",
      "mode": "managed",
      "type": "aws_security_group_rule",
      "name": "computed_egress_with_source_security_group_id",
      "each": "list",
      "provider": "module.eks.provider.aws",
      "instances": []
    },
    {
      "module": "module.eks.module.cluster-sg",
      "mode": "managed",
      "type": "aws_security_group_rule",
      "name": "computed_egress_with_source_security_group_id",
      "each": "list",
      "provider": "module.eks.provider.aws",
      "instances": []
    },
    {
      "module": "module.eks.module.ssh_sg",
      "mode": "managed",
      "type": "aws_security_group_rule",
      "name": "computed_ingress_rules",
      "each": "list",
      "provider": "module.eks.provider.aws",
      "instances": []
    },
    {
      "module": "module.eks.module.node-sg",
      "mode": "managed",
      "type": "aws_security_group_rule",
      "name": "computed_ingress_rules",
      "each": "list",
      "provider": "module.eks.provider.aws",
      "instances": []
    },
    {
      "module": "module.eks.module.cluster-sg",
      "mode": "managed",
      "type": "aws_security_group_rule",
      "name": "computed_ingress_rules",
      "each": "list",
      "provider": "module.eks.provider.aws",
      "instances": []
    },
    {
      "module": "module.eks.module.ssh_sg",
      "mode": "managed",
      "type": "aws_security_group_rule",
      "name": "computed_ingress_with_cidr_blocks",
      "each": "list",
      "provider": "module.eks.provider.aws",
      "instances": []
    },
    {
      "module": "module.eks.module.node-sg",
      "mode": "managed",
      "type": "aws_security_group_rule",
      "name": "computed_ingress_with_cidr_blocks",
      "each": "list",
      "provider": "module.eks.provider.aws",
      "instances": []
    },
    {
      "module": "module.eks.module.cluster-sg",
      "mode": "managed",
      "type": "aws_security_group_rule",
      "name": "computed_ingress_with_cidr_blocks",
      "each": "list",
      "provider": "module.eks.provider.aws",
      "instances": []
    },
    {
      "module": "module.eks.module.ssh_sg",
      "mode": "managed",
      "type": "aws_security_group_rule",
      "name": "computed_ingress_with_ipv6_cidr_blocks",
      "each": "list",
      "provider": "module.eks.provider.aws",
      "instances": []
    },
    {
      "module": "module.eks.module.node-sg",
      "mode": "managed",
      "type": "aws_security_group_rule",
      "name": "computed_ingress_with_ipv6_cidr_blocks",
      "each": "list",
      "provider": "module.eks.provider.aws",
      "instances": []
    },
    {
      "module": "module.eks.module.cluster-sg",
      "mode": "managed",
      "type": "aws_security_group_rule",
      "name": "computed_ingress_with_ipv6_cidr_blocks",
      "each": "list",
      "provider": "module.eks.provider.aws",
      "instances": []
    },
    {
      "module": "module.eks.module.ssh_sg",
      "mode": "managed",
      "type": "aws_security_group_rule",
      "name": "computed_ingress_with_self",
      "each": "list",
      "provider": "module.eks.provider.aws",
      "instances": []
    },
    {
      "module": "module.eks.module.node-sg",
      "mode": "managed",
      "type": "aws_security_group_rule",
      "name": "computed_ingress_with_self",
      "each": "list",
      "provider": "module.eks.provider.aws",
      "instances": []
    },
    {
      "module": "module.eks.module.cluster-sg",
      "mode": "managed",
      "type": "aws_security_group_rule",
      "name": "computed_ingress_with_self",
      "each": "list",
      "provider": "module.eks.provider.aws",
      "instances": []
    },
    {
      "module": "module.eks.module.ssh_sg",
      "mode": "managed",
      "type": "aws_security_group_rule",
      "name": "computed_ingress_with_source_security_group_id",
      "each": "list",
      "provider": "module.eks.provider.aws",
      "instances": []
    },
    {
      "module": "module.eks.module.node-sg",
      "mode": "managed",
      "type": "aws_security_group_rule",
      "name": "computed_ingress_with_source_security_group_id",
      "each": "list",
      "provider": "module.eks.provider.aws",
      "instances": [
        {
          "index_key": 0,
          "schema_version": 2,
          "attributes": {
            "cidr_blocks": null,
            "description": "Allow EKS Control Plane",
            "from_port": 1025,
            "id": "sgrule-249507410",
            "ipv6_cidr_blocks": [],
            "prefix_list_ids": [],
            "protocol": "tcp",
            "security_group_id": "sg-06d15556daeba9e15",
            "self": false,
            "source_security_group_id": "sg-0326a3b4f8a2f6046",
            "to_port": 65535,
            "type": "ingress"
          },
          "private": "eyJzY2hlbWFfdmVyc2lvbiI6IjIifQ=="
        }
      ]
    },
    {
      "module": "module.eks.module.cluster-sg",
      "mode": "managed",
      "type": "aws_security_group_rule",
      "name": "computed_ingress_with_source_security_group_id",
      "each": "list",
      "provider": "module.eks.provider.aws",
      "instances": [
        {
          "index_key": 0,
          "schema_version": 2,
          "attributes": {
            "cidr_blocks": null,
            "description": "Allow pods to communicate with the cluster API Server",
            "from_port": 443,
            "id": "sgrule-2059685378",
            "ipv6_cidr_blocks": [],
            "prefix_list_ids": [],
            "protocol": "tcp",
            "security_group_id": "sg-0326a3b4f8a2f6046",
            "self": false,
            "source_security_group_id": "sg-06d15556daeba9e15",
            "to_port": 443,
            "type": "ingress"
          },
          "private": "eyJzY2hlbWFfdmVyc2lvbiI6IjIifQ=="
        }
      ]
    },
    {
      "module": "module.eks.module.ssh_sg",
      "mode": "managed",
      "type": "aws_security_group_rule",
      "name": "egress_rules",
      "each": "list",
      "provider": "module.eks.provider.aws",
      "instances": [
        {
          "index_key": 0,
          "schema_version": 2,
          "attributes": {
            "cidr_blocks": [
              "0.0.0.0/0"
            ],
            "description": "All protocols",
            "from_port": -1,
            "id": "sgrule-1720689979",
            "ipv6_cidr_blocks": [
              "::/0"
            ],
            "prefix_list_ids": [],
            "protocol": "-1",
            "security_group_id": "sg-0ed15b53e1f2e230b",
            "self": false,
            "source_security_group_id": null,
            "to_port": -1,
            "type": "egress"
          },
          "private": "eyJzY2hlbWFfdmVyc2lvbiI6IjIifQ=="
        }
      ]
    },
    {
      "module": "module.eks.module.node-sg",
      "mode": "managed",
      "type": "aws_security_group_rule",
      "name": "egress_rules",
      "each": "list",
      "provider": "module.eks.provider.aws",
      "instances": [
        {
          "index_key": 0,
          "schema_version": 2,
          "attributes": {
            "cidr_blocks": [
              "0.0.0.0/0"
            ],
            "description": "All protocols",
            "from_port": -1,
            "id": "sgrule-4076202968",
            "ipv6_cidr_blocks": [
              "::/0"
            ],
            "prefix_list_ids": [],
            "protocol": "-1",
            "security_group_id": "sg-06d15556daeba9e15",
            "self": false,
            "source_security_group_id": null,
            "to_port": -1,
            "type": "egress"
          },
          "private": "eyJzY2hlbWFfdmVyc2lvbiI6IjIifQ=="
        }
      ]
    },
    {
      "module": "module.eks.module.cluster-sg",
      "mode": "managed",
      "type": "aws_security_group_rule",
      "name": "egress_rules",
      "each": "list",
      "provider": "module.eks.provider.aws",
      "instances": [
        {
          "index_key": 0,
          "schema_version": 2,
          "attributes": {
            "cidr_blocks": [
              "0.0.0.0/0"
            ],
            "description": "All protocols",
            "from_port": -1,
            "id": "sgrule-2397370564",
            "ipv6_cidr_blocks": [
              "::/0"
            ],
            "prefix_list_ids": [],
            "protocol": "-1",
            "security_group_id": "sg-0326a3b4f8a2f6046",
            "self": false,
            "source_security_group_id": null,
            "to_port": -1,
            "type": "egress"
          },
          "private": "eyJzY2hlbWFfdmVyc2lvbiI6IjIifQ=="
        }
      ]
    },
    {
      "module": "module.eks.module.ssh_sg",
      "mode": "managed",
      "type": "aws_security_group_rule",
      "name": "egress_with_cidr_blocks",
      "each": "list",
      "provider": "module.eks.provider.aws",
      "instances": []
    },
    {
      "module": "module.eks.module.node-sg",
      "mode": "managed",
      "type": "aws_security_group_rule",
      "name": "egress_with_cidr_blocks",
      "each": "list",
      "provider": "module.eks.provider.aws",
      "instances": []
    },
    {
      "module": "module.eks.module.cluster-sg",
      "mode": "managed",
      "type": "aws_security_group_rule",
      "name": "egress_with_cidr_blocks",
      "each": "list",
      "provider": "module.eks.provider.aws",
      "instances": []
    },
    {
      "module": "module.eks.module.ssh_sg",
      "mode": "managed",
      "type": "aws_security_group_rule",
      "name": "egress_with_ipv6_cidr_blocks",
      "each": "list",
      "provider": "module.eks.provider.aws",
      "instances": []
    },
    {
      "module": "module.eks.module.node-sg",
      "mode": "managed",
      "type": "aws_security_group_rule",
      "name": "egress_with_ipv6_cidr_blocks",
      "each": "list",
      "provider": "module.eks.provider.aws",
      "instances": []
    },
    {
      "module": "module.eks.module.cluster-sg",
      "mode": "managed",
      "type": "aws_security_group_rule",
      "name": "egress_with_ipv6_cidr_blocks",
      "each": "list",
      "provider": "module.eks.provider.aws",
      "instances": []
    },
    {
      "module": "module.eks.module.ssh_sg",
      "mode": "managed",
      "type": "aws_security_group_rule",
      "name": "egress_with_self",
      "each": "list",
      "provider": "module.eks.provider.aws",
      "instances": []
    },
    {
      "module": "module.eks.module.node-sg",
      "mode": "managed",
      "type": "aws_security_group_rule",
      "name": "egress_with_self",
      "each": "list",
      "provider": "module.eks.provider.aws",
      "instances": []
    },
    {
      "module": "module.eks.module.cluster-sg",
      "mode": "managed",
      "type": "aws_security_group_rule",
      "name": "egress_with_self",
      "each": "list",
      "provider": "module.eks.provider.aws",
      "instances": []
    },
    {
      "module": "module.eks.module.ssh_sg",
      "mode": "managed",
      "type": "aws_security_group_rule",
      "name": "egress_with_source_security_group_id",
      "each": "list",
      "provider": "module.eks.provider.aws",
      "instances": []
    },
    {
      "module": "module.eks.module.node-sg",
      "mode": "managed",
      "type": "aws_security_group_rule",
      "name": "egress_with_source_security_group_id",
      "each": "list",
      "provider": "module.eks.provider.aws",
      "instances": []
    },
    {
      "module": "module.eks.module.cluster-sg",
      "mode": "managed",
      "type": "aws_security_group_rule",
      "name": "egress_with_source_security_group_id",
      "each": "list",
      "provider": "module.eks.provider.aws",
      "instances": []
    },
    {
      "module": "module.eks.module.ssh_sg",
      "mode": "managed",
      "type": "aws_security_group_rule",
      "name": "ingress_rules",
      "each": "list",
      "provider": "module.eks.provider.aws",
      "instances": [
        {
          "index_key": 0,
          "schema_version": 2,
          "attributes": {
            "cidr_blocks": [
              "0.0.0.0/0"
            ],
            "description": "SSH",
            "from_port": 22,
            "id": "sgrule-1291718352",
            "ipv6_cidr_blocks": [],
            "prefix_list_ids": [],
            "protocol": "tcp",
            "security_group_id": "sg-0ed15b53e1f2e230b",
            "self": false,
            "source_security_group_id": null,
            "to_port": 22,
            "type": "ingress"
          },
          "private": "eyJzY2hlbWFfdmVyc2lvbiI6IjIifQ=="
        }
      ]
    },
    {
      "module": "module.eks.module.node-sg",
      "mode": "managed",
      "type": "aws_security_group_rule",
      "name": "ingress_rules",
      "each": "list",
      "provider": "module.eks.provider.aws",
      "instances": []
    },
    {
      "module": "module.eks.module.cluster-sg",
      "mode": "managed",
      "type": "aws_security_group_rule",
      "name": "ingress_rules",
      "each": "list",
      "provider": "module.eks.provider.aws",
      "instances": []
    },
    {
      "module": "module.eks.module.ssh_sg",
      "mode": "managed",
      "type": "aws_security_group_rule",
      "name": "ingress_with_cidr_blocks",
      "each": "list",
      "provider": "module.eks.provider.aws",
      "instances": []
    },
    {
      "module": "module.eks.module.node-sg",
      "mode": "managed",
      "type": "aws_security_group_rule",
      "name": "ingress_with_cidr_blocks",
      "each": "list",
      "provider": "module.eks.provider.aws",
      "instances": []
    },
    {
      "module": "module.eks.module.cluster-sg",
      "mode": "managed",
      "type": "aws_security_group_rule",
      "name": "ingress_with_cidr_blocks",
      "each": "list",
      "provider": "module.eks.provider.aws",
      "instances": []
    },
    {
      "module": "module.eks.module.ssh_sg",
      "mode": "managed",
      "type": "aws_security_group_rule",
      "name": "ingress_with_ipv6_cidr_blocks",
      "each": "list",
      "provider": "module.eks.provider.aws",
      "instances": []
    },
    {
      "module": "module.eks.module.node-sg",
      "mode": "managed",
      "type": "aws_security_group_rule",
      "name": "ingress_with_ipv6_cidr_blocks",
      "each": "list",
      "provider": "module.eks.provider.aws",
      "instances": []
    },
    {
      "module": "module.eks.module.cluster-sg",
      "mode": "managed",
      "type": "aws_security_group_rule",
      "name": "ingress_with_ipv6_cidr_blocks",
      "each": "list",
      "provider": "module.eks.provider.aws",
      "instances": []
    },
    {
      "module": "module.eks.module.ssh_sg",
      "mode": "managed",
      "type": "aws_security_group_rule",
      "name": "ingress_with_self",
      "each": "list",
      "provider": "module.eks.provider.aws",
      "instances": []
    },
    {
      "module": "module.eks.module.node-sg",
      "mode": "managed",
      "type": "aws_security_group_rule",
      "name": "ingress_with_self",
      "each": "list",
      "provider": "module.eks.provider.aws",
      "instances": [
        {
          "index_key": 0,
          "schema_version": 2,
          "attributes": {
            "cidr_blocks": null,
            "description": "Ingress Rule",
            "from_port": -1,
            "id": "sgrule-141719574",
            "ipv6_cidr_blocks": [],
            "prefix_list_ids": [],
            "protocol": "-1",
            "security_group_id": "sg-06d15556daeba9e15",
            "self": true,
            "source_security_group_id": null,
            "to_port": -1,
            "type": "ingress"
          },
          "private": "eyJzY2hlbWFfdmVyc2lvbiI6IjIifQ=="
        }
      ]
    },
    {
      "module": "module.eks.module.cluster-sg",
      "mode": "managed",
      "type": "aws_security_group_rule",
      "name": "ingress_with_self",
      "each": "list",
      "provider": "module.eks.provider.aws",
      "instances": []
    },
    {
      "module": "module.eks.module.ssh_sg",
      "mode": "managed",
      "type": "aws_security_group_rule",
      "name": "ingress_with_source_security_group_id",
      "each": "list",
      "provider": "module.eks.provider.aws",
      "instances": []
    },
    {
      "module": "module.eks.module.node-sg",
      "mode": "managed",
      "type": "aws_security_group_rule",
      "name": "ingress_with_source_security_group_id",
      "each": "list",
      "provider": "module.eks.provider.aws",
      "instances": []
    },
    {
      "module": "module.eks.module.cluster-sg",
      "mode": "managed",
      "type": "aws_security_group_rule",
      "name": "ingress_with_source_security_group_id",
      "each": "list",
      "provider": "module.eks.provider.aws",
      "instances": []
    },
    {
      "module": "module.eks.module.vpc",
      "mode": "managed",
      "type": "aws_subnet",
      "name": "database",
      "each": "list",
      "provider": "module.eks.provider.aws",
      "instances": []
    },
    {
      "module": "module.eks.module.vpc",
      "mode": "managed",
      "type": "aws_subnet",
      "name": "elasticache",
      "each": "list",
      "provider": "module.eks.provider.aws",
      "instances": []
    },
    {
      "module": "module.eks.module.vpc",
      "mode": "managed",
      "type": "aws_subnet",
      "name": "intra",
      "each": "list",
      "provider": "module.eks.provider.aws",
      "instances": []
    },
    {
      "module": "module.eks.module.vpc",
      "mode": "managed",
      "type": "aws_subnet",
      "name": "private",
      "each": "list",
      "provider": "module.eks.provider.aws",
      "instances": [
        {
          "index_key": 0,
          "schema_version": 1,
          "attributes": {
            "arn": "arn:aws:ec2:ap-southeast-1:923247590277:subnet/subnet-03fceca2e495f91d3",
            "assign_ipv6_address_on_creation": false,
            "availability_zone": "ap-southeast-1a",
            "availability_zone_id": "apse1-az2",
            "cidr_block": "10.8.0.0/19",
            "id": "subnet-03fceca2e495f91d3",
            "ipv6_cidr_block": "",
            "ipv6_cidr_block_association_id": "",
            "map_public_ip_on_launch": false,
            "owner_id": "923247590277",
            "tags": {
              "Name": "chase-eks-test2-eks-private",
              "kubernetes.io/cluster/chase-eks-test2": "shared",
              "kubernetes.io/role/internal-elb": "1"
            },
            "timeouts": null,
            "vpc_id": "vpc-05f757a5a64828752"
          },
          "private": "eyJlMmJmYjczMC1lY2FhLTExZTYtOGY4OC0zNDM2M2JjN2M0YzAiOnsiY3JlYXRlIjo2MDAwMDAwMDAwMDAsImRlbGV0ZSI6MTIwMDAwMDAwMDAwMH0sInNjaGVtYV92ZXJzaW9uIjoiMSJ9"
        },
        {
          "index_key": 1,
          "schema_version": 1,
          "attributes": {
            "arn": "arn:aws:ec2:ap-southeast-1:923247590277:subnet/subnet-041a078c13c6640f1",
            "assign_ipv6_address_on_creation": false,
            "availability_zone": "ap-southeast-1b",
            "availability_zone_id": "apse1-az1",
            "cidr_block": "10.8.32.0/19",
            "id": "subnet-041a078c13c6640f1",
            "ipv6_cidr_block": "",
            "ipv6_cidr_block_association_id": "",
            "map_public_ip_on_launch": false,
            "owner_id": "923247590277",
            "tags": {
              "Name": "chase-eks-test2-eks-private",
              "kubernetes.io/cluster/chase-eks-test2": "shared",
              "kubernetes.io/role/internal-elb": "1"
            },
            "timeouts": null,
            "vpc_id": "vpc-05f757a5a64828752"
          },
          "private": "eyJlMmJmYjczMC1lY2FhLTExZTYtOGY4OC0zNDM2M2JjN2M0YzAiOnsiY3JlYXRlIjo2MDAwMDAwMDAwMDAsImRlbGV0ZSI6MTIwMDAwMDAwMDAwMH0sInNjaGVtYV92ZXJzaW9uIjoiMSJ9"
        },
        {
          "index_key": 2,
          "schema_version": 1,
          "attributes": {
            "arn": "arn:aws:ec2:ap-southeast-1:923247590277:subnet/subnet-026c2f6a345e9b83c",
            "assign_ipv6_address_on_creation": false,
            "availability_zone": "ap-southeast-1c",
            "availability_zone_id": "apse1-az3",
            "cidr_block": "10.8.64.0/19",
            "id": "subnet-026c2f6a345e9b83c",
            "ipv6_cidr_block": "",
            "ipv6_cidr_block_association_id": "",
            "map_public_ip_on_launch": false,
            "owner_id": "923247590277",
            "tags": {
              "Name": "chase-eks-test2-eks-private",
              "kubernetes.io/cluster/chase-eks-test2": "shared",
              "kubernetes.io/role/internal-elb": "1"
            },
            "timeouts": null,
            "vpc_id": "vpc-05f757a5a64828752"
          },
          "private": "eyJlMmJmYjczMC1lY2FhLTExZTYtOGY4OC0zNDM2M2JjN2M0YzAiOnsiY3JlYXRlIjo2MDAwMDAwMDAwMDAsImRlbGV0ZSI6MTIwMDAwMDAwMDAwMH0sInNjaGVtYV92ZXJzaW9uIjoiMSJ9"
        }
      ]
    },
    {
      "module": "module.eks.module.vpc",
      "mode": "managed",
      "type": "aws_subnet",
      "name": "public",
      "each": "list",
      "provider": "module.eks.provider.aws",
      "instances": [
        {
          "index_key": 0,
          "schema_version": 1,
          "attributes": {
            "arn": "arn:aws:ec2:ap-southeast-1:923247590277:subnet/subnet-0e687c4ef5dc203f2",
            "assign_ipv6_address_on_creation": false,
            "availability_zone": "ap-southeast-1a",
            "availability_zone_id": "apse1-az2",
            "cidr_block": "10.8.128.0/20",
            "id": "subnet-0e687c4ef5dc203f2",
            "ipv6_cidr_block": "",
            "ipv6_cidr_block_association_id": "",
            "map_public_ip_on_launch": true,
            "owner_id": "923247590277",
            "tags": {
              "Name": "chase-eks-test2-eks-public",
              "kubernetes.io/cluster/chase-eks-test2": "shared",
              "kubernetes.io/role/elb": "1"
            },
            "timeouts": null,
            "vpc_id": "vpc-05f757a5a64828752"
          },
          "private": "eyJlMmJmYjczMC1lY2FhLTExZTYtOGY4OC0zNDM2M2JjN2M0YzAiOnsiY3JlYXRlIjo2MDAwMDAwMDAwMDAsImRlbGV0ZSI6MTIwMDAwMDAwMDAwMH0sInNjaGVtYV92ZXJzaW9uIjoiMSJ9"
        }
      ]
    },
    {
      "module": "module.eks.module.vpc",
      "mode": "managed",
      "type": "aws_subnet",
      "name": "redshift",
      "each": "list",
      "provider": "module.eks.provider.aws",
      "instances": []
    },
    {
      "module": "module.eks.module.vpc",
      "mode": "managed",
      "type": "aws_vpc",
      "name": "this",
      "each": "list",
      "provider": "module.eks.provider.aws",
      "instances": [
        {
          "index_key": 0,
          "schema_version": 1,
          "attributes": {
            "arn": "arn:aws:ec2:ap-southeast-1:923247590277:vpc/vpc-05f757a5a64828752",
            "assign_generated_ipv6_cidr_block": false,
            "cidr_block": "10.8.0.0/16",
            "default_network_acl_id": "acl-00a95b40141911e07",
            "default_route_table_id": "rtb-0dd813cd69db65afa",
            "default_security_group_id": "sg-091adeae1ff4353a8",
            "dhcp_options_id": "dopt-3e43f159",
            "enable_classiclink": false,
            "enable_classiclink_dns_support": false,
            "enable_dns_hostnames": true,
            "enable_dns_support": true,
            "id": "vpc-05f757a5a64828752",
            "instance_tenancy": "default",
            "ipv6_association_id": "",
            "ipv6_cidr_block": "",
            "main_route_table_id": "rtb-0dd813cd69db65afa",
            "owner_id": "923247590277",
            "tags": {
              "Name": "chase-eks-test2-vpc",
              "kubernetes.io/cluster/chase-eks-test2": "shared"
            }
          },
          "private": "eyJzY2hlbWFfdmVyc2lvbiI6IjEifQ=="
        }
      ]
    },
    {
      "module": "module.eks.module.vpc",
      "mode": "managed",
      "type": "aws_vpc_dhcp_options",
      "name": "this",
      "each": "list",
      "provider": "module.eks.provider.aws",
      "instances": []
    },
    {
      "module": "module.eks.module.vpc",
      "mode": "managed",
      "type": "aws_vpc_dhcp_options_association",
      "name": "this",
      "each": "list",
      "provider": "module.eks.provider.aws",
      "instances": []
    },
    {
      "module": "module.eks.module.vpc",
      "mode": "managed",
      "type": "aws_vpc_endpoint",
      "name": "apigw",
      "each": "list",
      "provider": "module.eks.provider.aws",
      "instances": []
    },
    {
      "module": "module.eks.module.vpc",
      "mode": "managed",
      "type": "aws_vpc_endpoint",
      "name": "cloudtrail",
      "each": "list",
      "provider": "module.eks.provider.aws",
      "instances": []
    },
    {
      "module": "module.eks.module.vpc",
      "mode": "managed",
      "type": "aws_vpc_endpoint",
      "name": "dynamodb",
      "each": "list",
      "provider": "module.eks.provider.aws",
      "instances": []
    },
    {
      "module": "module.eks.module.vpc",
      "mode": "managed",
      "type": "aws_vpc_endpoint",
      "name": "ec2",
      "each": "list",
      "provider": "module.eks.provider.aws",
      "instances": []
    },
    {
      "module": "module.eks.module.vpc",
      "mode": "managed",
      "type": "aws_vpc_endpoint",
      "name": "ec2messages",
      "each": "list",
      "provider": "module.eks.provider.aws",
      "instances": []
    },
    {
      "module": "module.eks.module.vpc",
      "mode": "managed",
      "type": "aws_vpc_endpoint",
      "name": "ecr_api",
      "each": "list",
      "provider": "module.eks.provider.aws",
      "instances": []
    },
    {
      "module": "module.eks.module.vpc",
      "mode": "managed",
      "type": "aws_vpc_endpoint",
      "name": "ecr_dkr",
      "each": "list",
      "provider": "module.eks.provider.aws",
      "instances": []
    },
    {
      "module": "module.eks.module.vpc",
      "mode": "managed",
      "type": "aws_vpc_endpoint",
      "name": "ecs",
      "each": "list",
      "provider": "module.eks.provider.aws",
      "instances": []
    },
    {
      "module": "module.eks.module.vpc",
      "mode": "managed",
      "type": "aws_vpc_endpoint",
      "name": "ecs_agent",
      "each": "list",
      "provider": "module.eks.provider.aws",
      "instances": []
    },
    {
      "module": "module.eks.module.vpc",
      "mode": "managed",
      "type": "aws_vpc_endpoint",
      "name": "ecs_telemetry",
      "each": "list",
      "provider": "module.eks.provider.aws",
      "instances": []
    },
    {
      "module": "module.eks.module.vpc",
      "mode": "managed",
      "type": "aws_vpc_endpoint",
      "name": "elasticloadbalancing",
      "each": "list",
      "provider": "module.eks.provider.aws",
      "instances": []
    },
    {
      "module": "module.eks.module.vpc",
      "mode": "managed",
      "type": "aws_vpc_endpoint",
      "name": "events",
      "each": "list",
      "provider": "module.eks.provider.aws",
      "instances": []
    },
    {
      "module": "module.eks.module.vpc",
      "mode": "managed",
      "type": "aws_vpc_endpoint",
      "name": "kms",
      "each": "list",
      "provider": "module.eks.provider.aws",
      "instances": []
    },
    {
      "module": "module.eks.module.vpc",
      "mode": "managed",
      "type": "aws_vpc_endpoint",
      "name": "logs",
      "each": "list",
      "provider": "module.eks.provider.aws",
      "instances": []
    },
    {
      "module": "module.eks.module.vpc",
      "mode": "managed",
      "type": "aws_vpc_endpoint",
      "name": "monitoring",
      "each": "list",
      "provider": "module.eks.provider.aws",
      "instances": []
    },
    {
      "module": "module.eks.module.vpc",
      "mode": "managed",
      "type": "aws_vpc_endpoint",
      "name": "s3",
      "each": "list",
      "provider": "module.eks.provider.aws",
      "instances": []
    },
    {
      "module": "module.eks.module.vpc",
      "mode": "managed",
      "type": "aws_vpc_endpoint",
      "name": "sns",
      "each": "list",
      "provider": "module.eks.provider.aws",
      "instances": []
    },
    {
      "module": "module.eks.module.vpc",
      "mode": "managed",
      "type": "aws_vpc_endpoint",
      "name": "sqs",
      "each": "list",
      "provider": "module.eks.provider.aws",
      "instances": []
    },
    {
      "module": "module.eks.module.vpc",
      "mode": "managed",
      "type": "aws_vpc_endpoint",
      "name": "ssm",
      "each": "list",
      "provider": "module.eks.provider.aws",
      "instances": []
    },
    {
      "module": "module.eks.module.vpc",
      "mode": "managed",
      "type": "aws_vpc_endpoint",
      "name": "ssmmessages",
      "each": "list",
      "provider": "module.eks.provider.aws",
      "instances": []
    },
    {
      "module": "module.eks.module.vpc",
      "mode": "managed",
      "type": "aws_vpc_endpoint_route_table_association",
      "name": "intra_dynamodb",
      "each": "list",
      "provider": "module.eks.provider.aws",
      "instances": []
    },
    {
      "module": "module.eks.module.vpc",
      "mode": "managed",
      "type": "aws_vpc_endpoint_route_table_association",
      "name": "intra_s3",
      "each": "list",
      "provider": "module.eks.provider.aws",
      "instances": []
    },
    {
      "module": "module.eks.module.vpc",
      "mode": "managed",
      "type": "aws_vpc_endpoint_route_table_association",
      "name": "private_dynamodb",
      "each": "list",
      "provider": "module.eks.provider.aws",
      "instances": []
    },
    {
      "module": "module.eks.module.vpc",
      "mode": "managed",
      "type": "aws_vpc_endpoint_route_table_association",
      "name": "private_s3",
      "each": "list",
      "provider": "module.eks.provider.aws",
      "instances": []
    },
    {
      "module": "module.eks.module.vpc",
      "mode": "managed",
      "type": "aws_vpc_endpoint_route_table_association",
      "name": "public_dynamodb",
      "each": "list",
      "provider": "module.eks.provider.aws",
      "instances": []
    },
    {
      "module": "module.eks.module.vpc",
      "mode": "managed",
      "type": "aws_vpc_endpoint_route_table_association",
      "name": "public_s3",
      "each": "list",
      "provider": "module.eks.provider.aws",
      "instances": []
    },
    {
      "module": "module.eks.module.vpc",
      "mode": "managed",
      "type": "aws_vpc_ipv4_cidr_block_association",
      "name": "this",
      "each": "list",
      "provider": "module.eks.provider.aws",
      "instances": []
    },
    {
      "module": "module.eks.module.vpc",
      "mode": "managed",
      "type": "aws_vpn_gateway",
      "name": "this",
      "each": "list",
      "provider": "module.eks.provider.aws",
      "instances": []
    },
    {
      "module": "module.eks.module.vpc",
      "mode": "managed",
      "type": "aws_vpn_gateway_attachment",
      "name": "this",
      "each": "list",
      "provider": "module.eks.provider.aws",
      "instances": []
    },
    {
      "module": "module.eks.module.vpc",
      "mode": "managed",
      "type": "aws_vpn_gateway_route_propagation",
      "name": "private",
      "each": "list",
      "provider": "module.eks.provider.aws",
      "instances": []
    },
    {
      "module": "module.eks.module.vpc",
      "mode": "managed",
      "type": "aws_vpn_gateway_route_propagation",
      "name": "public",
      "each": "list",
      "provider": "module.eks.provider.aws",
      "instances": []
    },
    {
      "module": "module.eks.module.eks-nodes-asg",
      "mode": "managed",
      "type": "null_resource",
      "name": "tags_as_list_of_maps",
      "each": "list",
      "provider": "provider.null",
      "instances": []
    },
    {
      "module": "module.eks.module.eks-nodes-asg",
      "mode": "managed",
      "type": "random_pet",
      "name": "asg_name",
      "each": "list",
      "provider": "provider.random",
      "instances": [
        {
          "index_key": 0,
          "schema_version": 0,
          "attributes": {
            "id": "balanced-weasel",
            "keepers": {
              "lc_name": "eks-nodes-20191210063410304600000009"
            },
            "length": 2,
            "prefix": null,
            "separator": "-"
          },
          "private": "bnVsbA==",
          "depends_on": [
            "aws_launch_configuration.this"
          ]
        }
      ]
    }
  ]
}
